// !$*UTF8*$!
{
	archiveVersion = 1;
	classes = {
	};
	objectVersion = 46;
	objects = {

/* Begin PBXBuildFile section */
		053A0944330AFC545B16D411 /* Pods_Instagram_Parse.framework in Frameworks */ = {isa = PBXBuildFile; fileRef = B40F69F5F44F4BBC21AF1D4D /* Pods_Instagram_Parse.framework */; };
		0C8863A31CA3C4FD00F5FE0C /* Post.swift in Sources */ = {isa = PBXBuildFile; fileRef = 0C8863A21CA3C4FD00F5FE0C /* Post.swift */; };
		0CAD2FBD1C9DD23400F4CD24 /* HomeViewController.swift in Sources */ = {isa = PBXBuildFile; fileRef = 0CAD2FBC1C9DD23400F4CD24 /* HomeViewController.swift */; };
		0CAD2FBF1C9DD70600F4CD24 /* CaptureViewController.swift in Sources */ = {isa = PBXBuildFile; fileRef = 0CAD2FBE1C9DD70600F4CD24 /* CaptureViewController.swift */; };
		0CAD2FC21C9DDA4400F4CD24 /* InstaCell.swift in Sources */ = {isa = PBXBuildFile; fileRef = 0CAD2FC11C9DDA4400F4CD24 /* InstaCell.swift */; };
		0CAD2FC41C9DE05C00F4CD24 /* ProfileViewController.swift in Sources */ = {isa = PBXBuildFile; fileRef = 0CAD2FC31C9DE05C00F4CD24 /* ProfileViewController.swift */; };
		0CD4E2571C9B7FE600DD38F8 /* LoginViewController.swift in Sources */ = {isa = PBXBuildFile; fileRef = 0CD4E2561C9B7FE600DD38F8 /* LoginViewController.swift */; };
		54EECCA51C9694A700978BDC /* AppDelegate.swift in Sources */ = {isa = PBXBuildFile; fileRef = 54EECCA41C9694A700978BDC /* AppDelegate.swift */; };
		54EECCAA1C9694A700978BDC /* Main.storyboard in Resources */ = {isa = PBXBuildFile; fileRef = 54EECCA81C9694A700978BDC /* Main.storyboard */; };
		54EECCAC1C9694A700978BDC /* Assets.xcassets in Resources */ = {isa = PBXBuildFile; fileRef = 54EECCAB1C9694A700978BDC /* Assets.xcassets */; };
		54EECCAF1C9694A700978BDC /* LaunchScreen.storyboard in Resources */ = {isa = PBXBuildFile; fileRef = 54EECCAD1C9694A700978BDC /* LaunchScreen.storyboard */; };
/* End PBXBuildFile section */

/* Begin PBXFileReference section */
		0C8863A21CA3C4FD00F5FE0C /* Post.swift */ = {isa = PBXFileReference; fileEncoding = 4; lastKnownFileType = sourcecode.swift; path = Post.swift; sourceTree = "<group>"; };
		0CAD2FBC1C9DD23400F4CD24 /* HomeViewController.swift */ = {isa = PBXFileReference; fileEncoding = 4; lastKnownFileType = sourcecode.swift; name = HomeViewController.swift; path = "Instagram-Parse/HomeViewController.swift"; sourceTree = "<group>"; };
		0CAD2FBE1C9DD70600F4CD24 /* CaptureViewController.swift */ = {isa = PBXFileReference; fileEncoding = 4; lastKnownFileType = sourcecode.swift; name = CaptureViewController.swift; path = "Instagram-Parse/CaptureViewController.swift"; sourceTree = "<group>"; };
		0CAD2FC11C9DDA4400F4CD24 /* InstaCell.swift */ = {isa = PBXFileReference; fileEncoding = 4; lastKnownFileType = sourcecode.swift; path = InstaCell.swift; sourceTree = "<group>"; };
		0CAD2FC31C9DE05C00F4CD24 /* ProfileViewController.swift */ = {isa = PBXFileReference; fileEncoding = 4; lastKnownFileType = sourcecode.swift; path = ProfileViewController.swift; sourceTree = "<group>"; };
		0CD4E2561C9B7FE600DD38F8 /* LoginViewController.swift */ = {isa = PBXFileReference; fileEncoding = 4; lastKnownFileType = sourcecode.swift; name = LoginViewController.swift; path = "Instagram-Parse/LoginViewController.swift"; sourceTree = "<group>"; };
		15655186351B386FE65114B0 /* Pods-Instagram-Parse.release.xcconfig */ = {isa = PBXFileReference; includeInIndex = 1; lastKnownFileType = text.xcconfig; name = "Pods-Instagram-Parse.release.xcconfig"; path = "Pods/Target Support Files/Pods-Instagram-Parse/Pods-Instagram-Parse.release.xcconfig"; sourceTree = "<group>"; };
		54EECCA11C9694A600978BDC /* Instagram-Parse.app */ = {isa = PBXFileReference; explicitFileType = wrapper.application; includeInIndex = 0; path = "Instagram-Parse.app"; sourceTree = BUILT_PRODUCTS_DIR; };
		54EECCA41C9694A700978BDC /* AppDelegate.swift */ = {isa = PBXFileReference; lastKnownFileType = sourcecode.swift; path = AppDelegate.swift; sourceTree = "<group>"; };
		54EECCA91C9694A700978BDC /* Base */ = {isa = PBXFileReference; lastKnownFileType = file.storyboard; name = Base; path = Base.lproj/Main.storyboard; sourceTree = "<group>"; };
		54EECCAB1C9694A700978BDC /* Assets.xcassets */ = {isa = PBXFileReference; lastKnownFileType = folder.assetcatalog; path = Assets.xcassets; sourceTree = "<group>"; };
		54EECCAE1C9694A700978BDC /* Base */ = {isa = PBXFileReference; lastKnownFileType = file.storyboard; name = Base; path = Base.lproj/LaunchScreen.storyboard; sourceTree = "<group>"; };
		54EECCB01C9694A700978BDC /* Info.plist */ = {isa = PBXFileReference; lastKnownFileType = text.plist.xml; path = Info.plist; sourceTree = "<group>"; };
		814832C29F4645D3F19E3395 /* Pods-Instagram-Parse.debug.xcconfig */ = {isa = PBXFileReference; includeInIndex = 1; lastKnownFileType = text.xcconfig; name = "Pods-Instagram-Parse.debug.xcconfig"; path = "Pods/Target Support Files/Pods-Instagram-Parse/Pods-Instagram-Parse.debug.xcconfig"; sourceTree = "<group>"; };
		B40F69F5F44F4BBC21AF1D4D /* Pods_Instagram_Parse.framework */ = {isa = PBXFileReference; explicitFileType = wrapper.framework; includeInIndex = 0; path = Pods_Instagram_Parse.framework; sourceTree = BUILT_PRODUCTS_DIR; };
/* End PBXFileReference section */

/* Begin PBXFrameworksBuildPhase section */
		54EECC9E1C9694A600978BDC /* Frameworks */ = {
			isa = PBXFrameworksBuildPhase;
			buildActionMask = 2147483647;
			files = (
				053A0944330AFC545B16D411 /* Pods_Instagram_Parse.framework in Frameworks */,
			);
			runOnlyForDeploymentPostprocessing = 0;
		};
/* End PBXFrameworksBuildPhase section */

/* Begin PBXGroup section */
		0C8863A11CA3C42800F5FE0C /* Models */ = {
			isa = PBXGroup;
			children = (
				0C8863A21CA3C4FD00F5FE0C /* Post.swift */,
			);
			name = Models;
			sourceTree = "<group>";
		};
		0CAD2FC01C9DD96B00F4CD24 /* Views */ = {
			isa = PBXGroup;
			children = (
				0CD4E2561C9B7FE600DD38F8 /* LoginViewController.swift */,
				0CAD2FBC1C9DD23400F4CD24 /* HomeViewController.swift */,
				0CAD2FBE1C9DD70600F4CD24 /* CaptureViewController.swift */,
				0CAD2FC11C9DDA4400F4CD24 /* InstaCell.swift */,
				0CAD2FC31C9DE05C00F4CD24 /* ProfileViewController.swift */,
			);
			name = Views;
			sourceTree = "<group>";
		};
		54EECC981C9694A600978BDC = {
			isa = PBXGroup;
			children = (
				0C8863A11CA3C42800F5FE0C /* Models */,
				0CAD2FC01C9DD96B00F4CD24 /* Views */,
				54EECCA31C9694A600978BDC /* Instagram-Parse */,
				54EECCA21C9694A600978BDC /* Products */,
				9A5334AB2B582ED5CA093D7C /* Pods */,
				6E32C1B7861F10CC361DF053 /* Frameworks */,
			);
			sourceTree = "<group>";
		};
		54EECCA21C9694A600978BDC /* Products */ = {
			isa = PBXGroup;
			children = (
				54EECCA11C9694A600978BDC /* Instagram-Parse.app */,
			);
			name = Products;
			sourceTree = "<group>";
		};
		54EECCA31C9694A600978BDC /* Instagram-Parse */ = {
			isa = PBXGroup;
			children = (
				54EECCA41C9694A700978BDC /* AppDelegate.swift */,
				54EECCA81C9694A700978BDC /* Main.storyboard */,
				54EECCAB1C9694A700978BDC /* Assets.xcassets */,
				54EECCAD1C9694A700978BDC /* LaunchScreen.storyboard */,
				54EECCB01C9694A700978BDC /* Info.plist */,
			);
			path = "Instagram-Parse";
			sourceTree = "<group>";
		};
		6E32C1B7861F10CC361DF053 /* Frameworks */ = {
			isa = PBXGroup;
			children = (
				B40F69F5F44F4BBC21AF1D4D /* Pods_Instagram_Parse.framework */,
			);
			name = Frameworks;
			sourceTree = "<group>";
		};
		9A5334AB2B582ED5CA093D7C /* Pods */ = {
			isa = PBXGroup;
			children = (
				814832C29F4645D3F19E3395 /* Pods-Instagram-Parse.debug.xcconfig */,
				15655186351B386FE65114B0 /* Pods-Instagram-Parse.release.xcconfig */,
			);
			name = Pods;
			sourceTree = "<group>";
		};
/* End PBXGroup section */

/* Begin PBXNativeTarget section */
		54EECCA01C9694A600978BDC /* Instagram-Parse */ = {
			isa = PBXNativeTarget;
			buildConfigurationList = 54EECCB31C9694A700978BDC /* Build configuration list for PBXNativeTarget "Instagram-Parse" */;
			buildPhases = (
				74832DCB018CBAF54C95DEB8 /* Check Pods Manifest.lock */,
				54EECC9D1C9694A600978BDC /* Sources */,
				54EECC9E1C9694A600978BDC /* Frameworks */,
				54EECC9F1C9694A600978BDC /* Resources */,
				E846F81067183842CE48A77D /* Embed Pods Frameworks */,
				850096F721E014404B0265D8 /* Copy Pods Resources */,
			);
			buildRules = (
			);
			dependencies = (
			);
			name = "Instagram-Parse";
			productName = "Instagram-Parse";
			productReference = 54EECCA11C9694A600978BDC /* Instagram-Parse.app */;
			productType = "com.apple.product-type.application";
		};
/* End PBXNativeTarget section */

/* Begin PBXProject section */
		54EECC991C9694A600978BDC /* Project object */ = {
			isa = PBXProject;
			attributes = {
				LastSwiftUpdateCheck = 0720;
				LastUpgradeCheck = 0720;
				ORGANIZATIONNAME = "Maliha Fairooz";
				TargetAttributes = {
					54EECCA01C9694A600978BDC = {
						CreatedOnToolsVersion = 7.2.1;
					};
				};
			};
			buildConfigurationList = 54EECC9C1C9694A600978BDC /* Build configuration list for PBXProject "Instagram-Parse" */;
			compatibilityVersion = "Xcode 3.2";
			developmentRegion = English;
			hasScannedForEncodings = 0;
			knownRegions = (
				en,
				Base,
			);
			mainGroup = 54EECC981C9694A600978BDC;
			productRefGroup = 54EECCA21C9694A600978BDC /* Products */;
			projectDirPath = "";
			projectRoot = "";
			targets = (
				54EECCA01C9694A600978BDC /* Instagram-Parse */,
			);
		};
/* End PBXProject section */

/* Begin PBXResourcesBuildPhase section */
		54EECC9F1C9694A600978BDC /* Resources */ = {
			isa = PBXResourcesBuildPhase;
			buildActionMask = 2147483647;
			files = (
				54EECCAF1C9694A700978BDC /* LaunchScreen.storyboard in Resources */,
				54EECCAC1C9694A700978BDC /* Assets.xcassets in Resources */,
				54EECCAA1C9694A700978BDC /* Main.storyboard in Resources */,
			);
			runOnlyForDeploymentPostprocessing = 0;
		};
/* End PBXResourcesBuildPhase section */

/* Begin PBXShellScriptBuildPhase section */
		74832DCB018CBAF54C95DEB8 /* Check Pods Manifest.lock */ = {
			isa = PBXShellScriptBuildPhase;
			buildActionMask = 2147483647;
			files = (
			);
			inputPaths = (
			);
			name = "Check Pods Manifest.lock";
			outputPaths = (
			);
			runOnlyForDeploymentPostprocessing = 0;
			shellPath = /bin/sh;
			shellScript = "diff \"${PODS_ROOT}/../Podfile.lock\" \"${PODS_ROOT}/Manifest.lock\" > /dev/null\nif [[ $? != 0 ]] ; then\n    cat << EOM\nerror: The sandbox is not in sync with the Podfile.lock. Run 'pod install' or update your CocoaPods installation.\nEOM\n    exit 1\nfi\n";
			showEnvVarsInLog = 0;
		};
		850096F721E014404B0265D8 /* Copy Pods Resources */ = {
			isa = PBXShellScriptBuildPhase;
			buildActionMask = 2147483647;
			files = (
			);
			inputPaths = (
			);
			name = "Copy Pods Resources";
			outputPaths = (
			);
			runOnlyForDeploymentPostprocessing = 0;
			shellPath = /bin/sh;
			shellScript = "\"${SRCROOT}/Pods/Target Support Files/Pods-Instagram-Parse/Pods-Instagram-Parse-resources.sh\"\n";
			showEnvVarsInLog = 0;
		};
		E846F81067183842CE48A77D /* Embed Pods Frameworks */ = {
			isa = PBXShellScriptBuildPhase;
			buildActionMask = 2147483647;
			files = (
			);
			inputPaths = (
			);
			name = "Embed Pods Frameworks";
			outputPaths = (
			);
			runOnlyForDeploymentPostprocessing = 0;
			shellPath = /bin/sh;
			shellScript = "\"${SRCROOT}/Pods/Target Support Files/Pods-Instagram-Parse/Pods-Instagram-Parse-frameworks.sh\"\n";
			showEnvVarsInLog = 0;
		};
/* End PBXShellScriptBuildPhase section */

/* Begin PBXSourcesBuildPhase section */
		54EECC9D1C9694A600978BDC /* Sources */ = {
			isa = PBXSourcesBuildPhase;
			buildActionMask = 2147483647;
			files = (
				0CAD2FC41C9DE05C00F4CD24 /* ProfileViewController.swift in Sources */,
				0CAD2FC21C9DDA4400F4CD24 /* InstaCell.swift in Sources */,
				0CD4E2571C9B7FE600DD38F8 /* LoginViewController.swift in Sources */,
				0CAD2FBF1C9DD70600F4CD24 /* CaptureViewController.swift in Sources */,
				54EECCA51C9694A700978BDC /* AppDelegate.swift in Sources */,
				0C8863A31CA3C4FD00F5FE0C /* Post.swift in Sources */,
				0CAD2FBD1C9DD23400F4CD24 /* HomeViewController.swift in Sources */,
			);
			runOnlyForDeploymentPostprocessing = 0;
		};
/* End PBXSourcesBuildPhase section */

/* Begin PBXVariantGroup section */
		54EECCA81C9694A700978BDC /* Main.storyboard */ = {
			isa = PBXVariantGroup;
			children = (
				54EECCA91C9694A700978BDC /* Base */,
			);
			name = Main.storyboard;
			sourceTree = "<group>";
		};
		54EECCAD1C9694A700978BDC /* LaunchScreen.storyboard */ = {
			isa = PBXVariantGroup;
			children = (
				54EECCAE1C9694A700978BDC /* Base */,
			);
			name = LaunchScreen.storyboard;
			sourceTree = "<group>";
		};
/* End PBXVariantGroup section */

/* Begin XCBuildConfiguration section */
		54EECCB11C9694A700978BDC /* Debug */ = {
			isa = XCBuildConfiguration;
			buildSettings = {
				ALWAYS_SEARCH_USER_PATHS = NO;
				CLANG_CXX_LANGUAGE_STANDARD = "gnu++0x";
				CLANG_CXX_LIBRARY = "libc++";
				CLANG_ENABLE_MODULES = YES;
				CLANG_ENABLE_OBJC_ARC = YES;
				CLANG_WARN_BOOL_CONVERSION = YES;
				CLANG_WARN_CONSTANT_CONVERSION = YES;
				CLANG_WARN_DIRECT_OBJC_ISA_USAGE = YES_ERROR;
				CLANG_WARN_EMPTY_BODY = YES;
				CLANG_WARN_ENUM_CONVERSION = YES;
				CLANG_WARN_INT_CONVERSION = YES;
				CLANG_WARN_OBJC_ROOT_CLASS = YES_ERROR;
				CLANG_WARN_UNREACHABLE_CODE = YES;
				CLANG_WARN__DUPLICATE_METHOD_MATCH = YES;
				"CODE_SIGN_IDENTITY[sdk=iphoneos*]" = "iPhone Developer";
				COPY_PHASE_STRIP = NO;
				DEBUG_INFORMATION_FORMAT = dwarf;
				ENABLE_STRICT_OBJC_MSGSEND = YES;
				ENABLE_TESTABILITY = YES;
				GCC_C_LANGUAGE_STANDARD = gnu99;
				GCC_DYNAMIC_NO_PIC = NO;
				GCC_NO_COMMON_BLOCKS = YES;
				GCC_OPTIMIZATION_LEVEL = 0;
				GCC_PREPROCESSOR_DEFINITIONS = (
					"DEBUG=1",
					"$(inherited)",
				);
				GCC_WARN_64_TO_32_BIT_CONVERSION = YES;
				GCC_WARN_ABOUT_RETURN_TYPE = YES_ERROR;
				GCC_WARN_UNDECLARED_SELECTOR = YES;
				GCC_WARN_UNINITIALIZED_AUTOS = YES_AGGRESSIVE;
				GCC_WARN_UNUSED_FUNCTION = YES;
				GCC_WARN_UNUSED_VARIABLE = YES;
				IPHONEOS_DEPLOYMENT_TARGET = 9.2;
				MTL_ENABLE_DEBUG_INFO = YES;
				ONLY_ACTIVE_ARCH = YES;
				SDKROOT = iphoneos;
				SWIFT_OPTIMIZATION_LEVEL = "-Onone";
				TARGETED_DEVICE_FAMILY = "1,2";
			};
			name = Debug;
		};
		54EECCB21C9694A700978BDC /* Release */ = {
			isa = XCBuildConfiguration;
			buildSettings = {
				ALWAYS_SEARCH_USER_PATHS = NO;
				CLANG_CXX_LANGUAGE_STANDARD = "gnu++0x";
				CLANG_CXX_LIBRARY = "libc++";
				CLANG_ENABLE_MODULES = YES;
				CLANG_ENABLE_OBJC_ARC = YES;
				CLANG_WARN_BOOL_CONVERSION = YES;
				CLANG_WARN_CONSTANT_CONVERSION = YES;
				CLANG_WARN_DIRECT_OBJC_ISA_USAGE = YES_ERROR;
				CLANG_WARN_EMPTY_BODY = YES;
				CLANG_WARN_ENUM_CONVERSION = YES;
				CLANG_WARN_INT_CONVERSION = YES;
				CLANG_WARN_OBJC_ROOT_CLASS = YES_ERROR;
				CLANG_WARN_UNREACHABLE_CODE = YES;
				CLANG_WARN__DUPLICATE_METHOD_MATCH = YES;
				"CODE_SIGN_IDENTITY[sdk=iphoneos*]" = "iPhone Developer";
				COPY_PHASE_STRIP = NO;
				DEBUG_INFORMATION_FORMAT = "dwarf-with-dsym";
				ENABLE_NS_ASSERTIONS = NO;
				ENABLE_STRICT_OBJC_MSGSEND = YES;
				GCC_C_LANGUAGE_STANDARD = gnu99;
				GCC_NO_COMMON_BLOCKS = YES;
				GCC_WARN_64_TO_32_BIT_CONVERSION = YES;
				GCC_WARN_ABOUT_RETURN_TYPE = YES_ERROR;
				GCC_WARN_UNDECLARED_SELECTOR = YES;
				GCC_WARN_UNINITIALIZED_AUTOS = YES_AGGRESSIVE;
				GCC_WARN_UNUSED_FUNCTION = YES;
				GCC_WARN_UNUSED_VARIABLE = YES;
				IPHONEOS_DEPLOYMENT_TARGET = 9.2;
				MTL_ENABLE_DEBUG_INFO = NO;
				SDKROOT = iphoneos;
				TARGETED_DEVICE_FAMILY = "1,2";
				VALIDATE_PRODUCT = YES;
			};
			name = Release;
		};
		54EECCB41C9694A700978BDC /* Debug */ = {
			isa = XCBuildConfiguration;
			baseConfigurationReference = 814832C29F4645D3F19E3395 /* Pods-Instagram-Parse.debug.xcconfig */;
			buildSettings = {
				ASSETCATALOG_COMPILER_APPICON_NAME = AppIcon;
				INFOPLIST_FILE = "Instagram-Parse/Info.plist";
				LD_RUNPATH_SEARCH_PATHS = "$(inherited) @executable_path/Frameworks";
				PRODUCT_BUNDLE_IDENTIFIER = "MissDroid.Instagram-Parse";
				PRODUCT_NAME = "$(TARGET_NAME)";
			};
			name = Debug;
		};
		54EECCB51C9694A700978BDC /* Release */ = {
			isa = XCBuildConfiguration;
			baseConfigurationReference = 15655186351B386FE65114B0 /* Pods-Instagram-Parse.release.xcconfig */;
			buildSettings = {
				ASSETCATALOG_COMPILER_APPICON_NAME = AppIcon;
				INFOPLIST_FILE = "Instagram-Parse/Info.plist";
				LD_RUNPATH_SEARCH_PATHS = "$(inherited) @executable_path/Frameworks";
				PRODUCT_BUNDLE_IDENTIFIER = "MissDroid.Instagram-Parse";
				PRODUCT_NAME = "$(TARGET_NAME)";
			};
			name = Release;
		};
/* End XCBuildConfiguration section */

/* Begin XCConfigurationList section */
		54EECC9C1C9694A600978BDC /* Build configuration list for PBXProject "Instagram-Parse" */ = {
			isa = XCConfigurationList;
			buildConfigurations = (
				54EECCB11C9694A700978BDC /* Debug */,
				54EECCB21C9694A700978BDC /* Release */,
			);
			defaultConfigurationIsVisible = 0;
			defaultConfigurationName = Release;
		};
		54EECCB31C9694A700978BDC /* Build configuration list for PBXNativeTarget "Instagram-Parse" */ = {
			isa = XCConfigurationList;
			buildConfigurations = (
				54EECCB41C9694A700978BDC /* Debug */,
				54EECCB51C9694A700978BDC /* Release */,
			);
			defaultConfigurationIsVisible = 0;
			defaultConfigurationName = Release;
		};
/* End XCConfigurationList section */
	};
	rootObject = 54EECC991C9694A600978BDC /* Project object */;
}
